
Microsoft Visual Studio Solution File, Format Version 12.00
# Visual Studio 15
VisualStudioVersion = 15.0.28307.902
MinimumVisualStudioVersion = 10.0.40219.1
Project("{FAE04EC0-301F-11D3-BF4B-00C04F79EFBC}") = "AudioSwitcher", "AudioSwitcher.csproj", "{7FCB1D01-F326-4903-90E2-BD3E5F13D8EE}"
EndProject
Global
	GlobalSection(SolutionConfigurationPlatforms) = preSolution
		Debug|Any CPU = Debug|Any CPU
		Release|Any CPU = Release|Any CPU
	EndGlobalSection
	GlobalSection(ProjectConfigurationPlatforms) = postSolution
		{7FCB1D01-F326-4903-90E2-BD3E5F13D8EE}.Debug|Any CPU.ActiveCfg = Debug|Any CPU
		{7FCB1D01-F326-4903-90E2-BD3E5F13D8EE}.Debug|Any CPU.Build.0 = Debug|Any CPU
		{7FCB1D01-F326-4903-90E2-BD3E5F13D8EE}.Release|Any CPU.ActiveCfg = Release|Any CPU
		{7FCB1D01-F326-4903-90E2-BD3E5F13D8EE}.Release|Any CPU.Build.0 = Release|Any CPU
	EndGlobalSection
	GlobalSection(SolutionProperties) = preSolution
		HideSolutionNode = FALSE
	EndGlobalSection
	GlobalSection(ExtensibilityGlobals) = postSolution
		SolutionGuid = {0E1C6B55-6838-4BCC-BE9E-4E2677596508}
	EndGlobalSection
EndGlobal
